
Microsoft Visual Studio Solution File, Format Version 12.00
# Visual Studio Version 17
VisualStudioVersion = 17.0.32112.339
MinimumVisualStudioVersion = 10.0.40219.1
Project("{FAE04EC0-301F-11D3-BF4B-00C04F79EFBC}") = "C969Rebekah", "C969Rebekah.csproj", "{418E1641-6952-41BE-B8B2-3D9C60E5BB14}"
EndProject
Global
	GlobalSection(SolutionConfigurationPlatforms) = preSolution
		Debug|Any CPU = Debug|Any CPU
		Release|Any CPU = Release|Any CPU
	EndGlobalSection
	GlobalSection(ProjectConfigurationPlatforms) = postSolution
		{418E1641-6952-41BE-B8B2-3D9C60E5BB14}.Debug|Any CPU.ActiveCfg = Debug|Any CPU
		{418E1641-6952-41BE-B8B2-3D9C60E5BB14}.Debug|Any CPU.Build.0 = Debug|Any CPU
		{418E1641-6952-41BE-B8B2-3D9C60E5BB14}.Release|Any CPU.ActiveCfg = Release|Any CPU
		{418E1641-6952-41BE-B8B2-3D9C60E5BB14}.Release|Any CPU.Build.0 = Release|Any CPU
	EndGlobalSection
	GlobalSection(SolutionProperties) = preSolution
		HideSolutionNode = FALSE
	EndGlobalSection
	GlobalSection(ExtensibilityGlobals) = postSolution
		SolutionGuid = {49FB1E70-3B47-4F8B-96BB-581F5D314C2F}
	EndGlobalSection
EndGlobal
